
Microsoft Visual Studio Solution File, Format Version 12.00
# Visual Studio Version 17
VisualStudioVersion = 17.12.35527.113 d17.12
MinimumVisualStudioVersion = 10.0.40219.1
Project("{FAE04EC0-301F-11D3-BF4B-00C04F79EFBC}") = "Task2", "Task2\Task2.csproj", "{DB9BCBAC-A4A6-43DB-B477-B16DAB11EC02}"
EndProject
Project("{FAE04EC0-301F-11D3-BF4B-00C04F79EFBC}") = "Task1", "Task1\Task1.csproj", "{A0E6390E-FFD5-4AFD-8CCB-5D4EF70ABB3B}"
EndProject
Project("{FAE04EC0-301F-11D3-BF4B-00C04F79EFBC}") = "Task3", "Task3\Task3.csproj", "{1C35322E-4CE1-4379-A69E-8E9F0DD57261}"
EndProject
Project("{FAE04EC0-301F-11D3-BF4B-00C04F79EFBC}") = "Task4", "Task4\Task4.csproj", "{758A063C-F1A8-4C09-A715-B72FB74451D4}"
EndProject
Global
	GlobalSection(SolutionConfigurationPlatforms) = preSolution
		Debug|Any CPU = Debug|Any CPU
		Release|Any CPU = Release|Any CPU
	EndGlobalSection
	GlobalSection(ProjectConfigurationPlatforms) = postSolution
		{DB9BCBAC-A4A6-43DB-B477-B16DAB11EC02}.Debug|Any CPU.ActiveCfg = Debug|Any CPU
		{DB9BCBAC-A4A6-43DB-B477-B16DAB11EC02}.Debug|Any CPU.Build.0 = Debug|Any CPU
		{DB9BCBAC-A4A6-43DB-B477-B16DAB11EC02}.Release|Any CPU.ActiveCfg = Release|Any CPU
		{DB9BCBAC-A4A6-43DB-B477-B16DAB11EC02}.Release|Any CPU.Build.0 = Release|Any CPU
		{A0E6390E-FFD5-4AFD-8CCB-5D4EF70ABB3B}.Debug|Any CPU.ActiveCfg = Debug|Any CPU
		{A0E6390E-FFD5-4AFD-8CCB-5D4EF70ABB3B}.Debug|Any CPU.Build.0 = Debug|Any CPU
		{A0E6390E-FFD5-4AFD-8CCB-5D4EF70ABB3B}.Release|Any CPU.ActiveCfg = Release|Any CPU
		{A0E6390E-FFD5-4AFD-8CCB-5D4EF70ABB3B}.Release|Any CPU.Build.0 = Release|Any CPU
		{1C35322E-4CE1-4379-A69E-8E9F0DD57261}.Debug|Any CPU.ActiveCfg = Debug|Any CPU
		{1C35322E-4CE1-4379-A69E-8E9F0DD57261}.Debug|Any CPU.Build.0 = Debug|Any CPU
		{1C35322E-4CE1-4379-A69E-8E9F0DD57261}.Release|Any CPU.ActiveCfg = Release|Any CPU
		{1C35322E-4CE1-4379-A69E-8E9F0DD57261}.Release|Any CPU.Build.0 = Release|Any CPU
		{758A063C-F1A8-4C09-A715-B72FB74451D4}.Debug|Any CPU.ActiveCfg = Debug|Any CPU
		{758A063C-F1A8-4C09-A715-B72FB74451D4}.Debug|Any CPU.Build.0 = Debug|Any CPU
		{758A063C-F1A8-4C09-A715-B72FB74451D4}.Release|Any CPU.ActiveCfg = Release|Any CPU
		{758A063C-F1A8-4C09-A715-B72FB74451D4}.Release|Any CPU.Build.0 = Release|Any CPU
	EndGlobalSection
	GlobalSection(SolutionProperties) = preSolution
		HideSolutionNode = FALSE
	EndGlobalSection
EndGlobal
