
Microsoft Visual Studio Solution File, Format Version 12.00
# Visual Studio Version 17
VisualStudioVersion = 17.12.35527.113
MinimumVisualStudioVersion = 10.0.40219.1
Project("{2150E333-8FDC-42A3-9474-1A3956D46DE8}") = "Src", "Src", "{00871168-8BC1-47BA-8E2C-3DC43FCA2710}"
EndProject
Project("{2150E333-8FDC-42A3-9474-1A3956D46DE8}") = "API", "API", "{F8B80BD5-673C-45C7-8C3F-377B2ACA8D99}"
EndProject
Project("{2150E333-8FDC-42A3-9474-1A3956D46DE8}") = "Core", "Core", "{E0E735AC-9FD6-4917-B8A7-8D026B54ABB0}"
EndProject
Project("{2150E333-8FDC-42A3-9474-1A3956D46DE8}") = "Infrastructure", "Infrastructure", "{B3530A5C-2CFE-4BDC-8DE1-710F54C8B964}"
EndProject
Project("{FAE04EC0-301F-11D3-BF4B-00C04F79EFBC}") = "TicketBookingSystemApp.Domain", "TicketBookingSystemApp.Domain\TicketBookingSystemApp.Domain.csproj", "{9A4E1396-754C-4FCC-8D49-C463C397959C}"
EndProject
Project("{FAE04EC0-301F-11D3-BF4B-00C04F79EFBC}") = "TicketBookingSystemApp.Application", "TicketBookingSystemApp.Application\TicketBookingSystemApp.Application.csproj", "{0CACE02C-F17E-45D0-A660-C55F30838E29}"
EndProject
Project("{FAE04EC0-301F-11D3-BF4B-00C04F79EFBC}") = "TicketBookingSystemApp.Infrastructure", "TicketBookingSystemApp.Infrastructure\TicketBookingSystemApp.Infrastructure.csproj", "{929EB818-3381-49D8-AAEF-0C9EB8C73A0A}"
EndProject
Project("{FAE04EC0-301F-11D3-BF4B-00C04F79EFBC}") = "TicketBookingSystemApp.API", "TicketBookingSystemApp.API\TicketBookingSystemApp.API.csproj", "{D96A01C5-4C4E-44F6-A504-963E929849DA}"
EndProject
Project("{FAE04EC0-301F-11D3-BF4B-00C04F79EFBC}") = "TicketBookingSystemApp.Identity", "TicketBookingSystemApp.Identity\TicketBookingSystemApp.Identity.csproj", "{32DAC6E9-21A7-4C5C-B87C-964BE195F148}"
EndProject
Global
	GlobalSection(SolutionConfigurationPlatforms) = preSolution
		Debug|Any CPU = Debug|Any CPU
		Release|Any CPU = Release|Any CPU
	EndGlobalSection
	GlobalSection(ProjectConfigurationPlatforms) = postSolution
		{9A4E1396-754C-4FCC-8D49-C463C397959C}.Debug|Any CPU.ActiveCfg = Debug|Any CPU
		{9A4E1396-754C-4FCC-8D49-C463C397959C}.Debug|Any CPU.Build.0 = Debug|Any CPU
		{9A4E1396-754C-4FCC-8D49-C463C397959C}.Release|Any CPU.ActiveCfg = Release|Any CPU
		{9A4E1396-754C-4FCC-8D49-C463C397959C}.Release|Any CPU.Build.0 = Release|Any CPU
		{0CACE02C-F17E-45D0-A660-C55F30838E29}.Debug|Any CPU.ActiveCfg = Debug|Any CPU
		{0CACE02C-F17E-45D0-A660-C55F30838E29}.Debug|Any CPU.Build.0 = Debug|Any CPU
		{0CACE02C-F17E-45D0-A660-C55F30838E29}.Release|Any CPU.ActiveCfg = Release|Any CPU
		{0CACE02C-F17E-45D0-A660-C55F30838E29}.Release|Any CPU.Build.0 = Release|Any CPU
		{929EB818-3381-49D8-AAEF-0C9EB8C73A0A}.Debug|Any CPU.ActiveCfg = Debug|Any CPU
		{929EB818-3381-49D8-AAEF-0C9EB8C73A0A}.Debug|Any CPU.Build.0 = Debug|Any CPU
		{929EB818-3381-49D8-AAEF-0C9EB8C73A0A}.Release|Any CPU.ActiveCfg = Release|Any CPU
		{929EB818-3381-49D8-AAEF-0C9EB8C73A0A}.Release|Any CPU.Build.0 = Release|Any CPU
		{D96A01C5-4C4E-44F6-A504-963E929849DA}.Debug|Any CPU.ActiveCfg = Debug|Any CPU
		{D96A01C5-4C4E-44F6-A504-963E929849DA}.Debug|Any CPU.Build.0 = Debug|Any CPU
		{D96A01C5-4C4E-44F6-A504-963E929849DA}.Release|Any CPU.ActiveCfg = Release|Any CPU
		{D96A01C5-4C4E-44F6-A504-963E929849DA}.Release|Any CPU.Build.0 = Release|Any CPU
		{32DAC6E9-21A7-4C5C-B87C-964BE195F148}.Debug|Any CPU.ActiveCfg = Debug|Any CPU
		{32DAC6E9-21A7-4C5C-B87C-964BE195F148}.Debug|Any CPU.Build.0 = Debug|Any CPU
		{32DAC6E9-21A7-4C5C-B87C-964BE195F148}.Release|Any CPU.ActiveCfg = Release|Any CPU
		{32DAC6E9-21A7-4C5C-B87C-964BE195F148}.Release|Any CPU.Build.0 = Release|Any CPU
	EndGlobalSection
	GlobalSection(SolutionProperties) = preSolution
		HideSolutionNode = FALSE
	EndGlobalSection
	GlobalSection(NestedProjects) = preSolution
		{F8B80BD5-673C-45C7-8C3F-377B2ACA8D99} = {00871168-8BC1-47BA-8E2C-3DC43FCA2710}
		{E0E735AC-9FD6-4917-B8A7-8D026B54ABB0} = {00871168-8BC1-47BA-8E2C-3DC43FCA2710}
		{B3530A5C-2CFE-4BDC-8DE1-710F54C8B964} = {00871168-8BC1-47BA-8E2C-3DC43FCA2710}
		{9A4E1396-754C-4FCC-8D49-C463C397959C} = {E0E735AC-9FD6-4917-B8A7-8D026B54ABB0}
		{0CACE02C-F17E-45D0-A660-C55F30838E29} = {E0E735AC-9FD6-4917-B8A7-8D026B54ABB0}
		{929EB818-3381-49D8-AAEF-0C9EB8C73A0A} = {B3530A5C-2CFE-4BDC-8DE1-710F54C8B964}
		{D96A01C5-4C4E-44F6-A504-963E929849DA} = {F8B80BD5-673C-45C7-8C3F-377B2ACA8D99}
		{32DAC6E9-21A7-4C5C-B87C-964BE195F148} = {B3530A5C-2CFE-4BDC-8DE1-710F54C8B964}
	EndGlobalSection
EndGlobal
